// !$*UTF8*$!
{
	archiveVersion = 1;
	classes = {
	};
	objectVersion = 46;
	objects = {

/* Begin PBXFileReference section */
		24FF2EC31707CC3E000A2AEF /* main.c */ = {isa = PBXFileReference; lastKnownFileType = sourcecode.c.c; path = main.c; sourceTree = "<group>"; };
		24FF2EC71707CC3E000A2AEF /* Pontos.c */ = {isa = PBXFileReference; lastKnownFileType = sourcecode.c.c; path = Pontos.c; sourceTree = "<group>"; };
		24FF2EC81707CC3E000A2AEF /* Pontos.h */ = {isa = PBXFileReference; lastKnownFileType = sourcecode.c.h; path = Pontos.h; sourceTree = "<group>"; };
/* End PBXFileReference section */

/* Begin PBXGroup section */
		24FF2EBA1707CC30000A2AEF = {
			isa = PBXGroup;
			children = (
				24FF2EC31707CC3E000A2AEF /* main.c */,
				24FF2EC71707CC3E000A2AEF /* Pontos.c */,
				24FF2EC81707CC3E000A2AEF /* Pontos.h */,
			);
			sourceTree = "<group>";
		};
/* End PBXGroup section */

/* Begin PBXLegacyTarget section */
		246187D01726C3A200F6C30C /* ED1 */ = {
			isa = PBXLegacyTarget;
			buildArgumentsString = "$(ACTION)";
			buildConfigurationList = 246187D31726C3A200F6C30C /* Build configuration list for PBXLegacyTarget "ED1" */;
			buildPhases = (
			);
			buildToolPath = /usr/bin/make;
			buildWorkingDirectory = "/Users/Vini/Desktop/ED-LabProg/ED1";
			dependencies = (
			);
			name = ED1;
			passBuildSettingsInEnvironment = 1;
			productName = ED1;
		};
/* End PBXLegacyTarget section */

/* Begin PBXProject section */
		24FF2EBB1707CC30000A2AEF /* Project object */ = {
			isa = PBXProject;
			attributes = {
				LastUpgradeCheck = 0460;
			};
			buildConfigurationList = 24FF2EBE1707CC30000A2AEF /* Build configuration list for PBXProject "ED1" */;
			compatibilityVersion = "Xcode 3.2";
			developmentRegion = English;
			hasScannedForEncodings = 0;
			knownRegions = (
				en,
			);
			mainGroup = 24FF2EBA1707CC30000A2AEF;
			projectDirPath = "";
			projectRoot = "";
			targets = (
				246187D01726C3A200F6C30C /* ED1 */,
			);
		};
/* End PBXProject section */

/* Begin XCBuildConfiguration section */
		246187D11726C3A200F6C30C /* Debug */ = {
			isa = XCBuildConfiguration;
			buildSettings = {
				ALWAYS_SEARCH_USER_PATHS = NO;
				ARCHS = "$(ARCHS_STANDARD_64_BIT)";
				CLANG_CXX_LANGUAGE_STANDARD = "gnu++0x";
				CLANG_CXX_LIBRARY = "libc++";
				CLANG_WARN_CONSTANT_CONVERSION = YES;
				CLANG_WARN_EMPTY_BODY = YES;
				CLANG_WARN_ENUM_CONVERSION = YES;
				CLANG_WARN_INT_CONVERSION = YES;
				CLANG_WARN__DUPLICATE_METHOD_MATCH = YES;
				COPY_PHASE_STRIP = NO;
				DEBUGGING_SYMBOLS = YES;
				GCC_C_LANGUAGE_STANDARD = gnu99;
				GCC_DYNAMIC_NO_PIC = NO;
				GCC_ENABLE_OBJC_EXCEPTIONS = YES;
				GCC_GENERATE_DEBUGGING_SYMBOLS = YES;
				GCC_OPTIMIZATION_LEVEL = 0;
				GCC_PREPROCESSOR_DEFINITIONS = (
					"DEBUG=1",
					"$(inherited)",
				);
				GCC_SYMBOLS_PRIVATE_EXTERN = NO;
				GCC_WARN_64_TO_32_BIT_CONVERSION = YES;
				GCC_WARN_ABOUT_RETURN_TYPE = YES;
				GCC_WARN_UNINITIALIZED_AUTOS = YES;
				GCC_WARN_UNUSED_VARIABLE = YES;
				MACOSX_DEPLOYMENT_TARGET = 10.8;
				ONLY_ACTIVE_ARCH = YES;
				OTHER_CFLAGS = "";
				OTHER_LDFLAGS = "";
				PRODUCT_NAME = "$(TARGET_NAME)";
				SDKROOT = macosx;
			};
			name = Debug;
		};
		246187D21726C3A200F6C30C /* Release */ = {
			isa = XCBuildConfiguration;
			buildSettings = {
				ALWAYS_SEARCH_USER_PATHS = NO;
				ARCHS = "$(ARCHS_STANDARD_64_BIT)";
				CLANG_CXX_LANGUAGE_STANDARD = "gnu++0x";
				CLANG_CXX_LIBRARY = "libc++";
				CLANG_WARN_CONSTANT_CONVERSION = YES;
				CLANG_WARN_EMPTY_BODY = YES;
				CLANG_WARN_ENUM_CONVERSION = YES;
				CLANG_WARN_INT_CONVERSION = YES;
				CLANG_WARN__DUPLICATE_METHOD_MATCH = YES;
				COPY_PHASE_STRIP = YES;
				DEBUG_INFORMATION_FORMAT = "dwarf-with-dsym";
				GCC_C_LANGUAGE_STANDARD = gnu99;
				GCC_ENABLE_OBJC_EXCEPTIONS = YES;
				GCC_WARN_64_TO_32_BIT_CONVERSION = YES;
				GCC_WARN_ABOUT_RETURN_TYPE = YES;
				GCC_WARN_UNINITIALIZED_AUTOS = YES;
				GCC_WARN_UNUSED_VARIABLE = YES;
				MACOSX_DEPLOYMENT_TARGET = 10.8;
				OTHER_CFLAGS = "";
				OTHER_LDFLAGS = "";
				PRODUCT_NAME = "$(TARGET_NAME)";
				SDKROOT = macosx;
			};
			name = Release;
		};
		24FF2EBF1707CC30000A2AEF /* Debug */ = {
			isa = XCBuildConfiguration;
			buildSettings = {
			};
			name = Debug;
		};
		24FF2EC01707CC30000A2AEF /* Release */ = {
			isa = XCBuildConfiguration;
			buildSettings = {
			};
			name = Release;
		};
/* End XCBuildConfiguration section */

/* Begin XCConfigurationList section */
		246187D31726C3A200F6C30C /* Build configuration list for PBXLegacyTarget "ED1" */ = {
			isa = XCConfigurationList;
			buildConfigurations = (
				246187D11726C3A200F6C30C /* Debug */,
				246187D21726C3A200F6C30C /* Release */,
			);
			defaultConfigurationIsVisible = 0;
		};
		24FF2EBE1707CC30000A2AEF /* Build configuration list for PBXProject "ED1" */ = {
			isa = XCConfigurationList;
			buildConfigurations = (
				24FF2EBF1707CC30000A2AEF /* Debug */,
				24FF2EC01707CC30000A2AEF /* Release */,
			);
			defaultConfigurationIsVisible = 0;
			defaultConfigurationName = Release;
		};
/* End XCConfigurationList section */
	};
	rootObject = 24FF2EBB1707CC30000A2AEF /* Project object */;
}
